
Microsoft Visual Studio Solution File, Format Version 12.00
# Visual Studio 15
VisualStudioVersion = 15.0.28307.489
MinimumVisualStudioVersion = 10.0.40219.1
Project("{FAE04EC0-301F-11D3-BF4B-00C04F79EFBC}") = "PeopleSearch", "PeopleSearch\PeopleSearch.csproj", "{2D92B72D-FF8E-4290-AF1C-A8D30159F784}"
EndProject
Project("{FAE04EC0-301F-11D3-BF4B-00C04F79EFBC}") = "PeopleSearch.Tests", "PeopleSearch.Tests\PeopleSearch.Tests.csproj", "{C07B5919-DEF0-4AB0-80EE-D9AE67D1C96F}"
EndProject
Global
	GlobalSection(SolutionConfigurationPlatforms) = preSolution
		Debug|Any CPU = Debug|Any CPU
		Release|Any CPU = Release|Any CPU
	EndGlobalSection
	GlobalSection(ProjectConfigurationPlatforms) = postSolution
		{2D92B72D-FF8E-4290-AF1C-A8D30159F784}.Debug|Any CPU.ActiveCfg = Debug|Any CPU
		{2D92B72D-FF8E-4290-AF1C-A8D30159F784}.Debug|Any CPU.Build.0 = Debug|Any CPU
		{2D92B72D-FF8E-4290-AF1C-A8D30159F784}.Release|Any CPU.ActiveCfg = Release|Any CPU
		{2D92B72D-FF8E-4290-AF1C-A8D30159F784}.Release|Any CPU.Build.0 = Release|Any CPU
		{C07B5919-DEF0-4AB0-80EE-D9AE67D1C96F}.Debug|Any CPU.ActiveCfg = Debug|Any CPU
		{C07B5919-DEF0-4AB0-80EE-D9AE67D1C96F}.Debug|Any CPU.Build.0 = Debug|Any CPU
		{C07B5919-DEF0-4AB0-80EE-D9AE67D1C96F}.Release|Any CPU.ActiveCfg = Release|Any CPU
		{C07B5919-DEF0-4AB0-80EE-D9AE67D1C96F}.Release|Any CPU.Build.0 = Release|Any CPU
	EndGlobalSection
	GlobalSection(SolutionProperties) = preSolution
		HideSolutionNode = FALSE
	EndGlobalSection
	GlobalSection(ExtensibilityGlobals) = postSolution
		SolutionGuid = {ED230A58-35A6-40F5-B254-F76F7D56BB5E}
	EndGlobalSection
EndGlobal
